
Microsoft Visual Studio Solution File, Format Version 12.00
# Visual Studio Version 17
VisualStudioVersion = 17.0.31903.59
MinimumVisualStudioVersion = 10.0.40219.1
Project("{9A19103F-16F7-4668-BE54-9A1E7A4F7556}") = "Core", "Core\Core.csproj", "{0CCDAA0B-1C62-4234-8757-95EC33DA091C}"
EndProject
Project("{9A19103F-16F7-4668-BE54-9A1E7A4F7556}") = "UI", "UI\UI.csproj", "{1AE06D4C-170F-46A9-946B-108E258F52E7}"
	ProjectSection(ProjectDependencies) = postProject
		{0CCDAA0B-1C62-4234-8757-95EC33DA091C} = {0CCDAA0B-1C62-4234-8757-95EC33DA091C}
	EndProjectSection
EndProject
Global
	GlobalSection(SolutionConfigurationPlatforms) = preSolution
		Debug|Any CPU = Debug|Any CPU
		Release|Any CPU = Release|Any CPU
	EndGlobalSection
	GlobalSection(ProjectConfigurationPlatforms) = postSolution
		{0CCDAA0B-1C62-4234-8757-95EC33DA091C}.Debug|Any CPU.ActiveCfg = Debug|Any CPU
		{0CCDAA0B-1C62-4234-8757-95EC33DA091C}.Debug|Any CPU.Build.0 = Debug|Any CPU
		{0CCDAA0B-1C62-4234-8757-95EC33DA091C}.Release|Any CPU.ActiveCfg = Release|Any CPU
		{0CCDAA0B-1C62-4234-8757-95EC33DA091C}.Release|Any CPU.Build.0 = Release|Any CPU
		{1AE06D4C-170F-46A9-946B-108E258F52E7}.Debug|Any CPU.ActiveCfg = Debug|Any CPU
		{1AE06D4C-170F-46A9-946B-108E258F52E7}.Debug|Any CPU.Build.0 = Debug|Any CPU
		{1AE06D4C-170F-46A9-946B-108E258F52E7}.Release|Any CPU.ActiveCfg = Release|Any CPU
		{1AE06D4C-170F-46A9-946B-108E258F52E7}.Release|Any CPU.Build.0 = Release|Any CPU
	EndGlobalSection
	GlobalSection(SolutionProperties) = preSolution
		HideSolutionNode = FALSE
	EndGlobalSection
	GlobalSection(ExtensibilityGlobals) = postSolution
		SolutionGuid = {AB05607A-8B4B-47AE-829F-85CCB313A625}
	EndGlobalSection
EndGlobal
